Microsoft Visual Studio Solution File, Format Version 12.00
# Visual Studio 14
VisualStudioVersion = 14.0.25420.1
MinimumVisualStudioVersion = 10.0.40219.1
Project("{FAE04EC0-301F-11D3-BF4B-00C04F79EFBC}") = "XunitReporter", "XunitReporter\XunitReporter.csproj", "{1E28BEE5-650B-46CD-A729-EC14EF712AFE}"
EndProject
Project("{FAE04EC0-301F-11D3-BF4B-00C04F79EFBC}") = "XunitReporter.UnitTests", "XunitReporter.UnitTests\XunitReporter.UnitTests.csproj", "{C336DE37-3650-4756-98D0-64D893327C1C}"
EndProject
Project("{2150E333-8FDC-42A3-9474-1A3956D46DE8}") = "Tests", "Tests", "{8DF2A968-64F5-4802-A9D3-E8512B584BDA}"
EndProject
Global
	GlobalSection(SolutionConfigurationPlatforms) = preSolution
		Debug|Any CPU = Debug|Any CPU
		Release|Any CPU = Release|Any CPU
	EndGlobalSection
	GlobalSection(ProjectConfigurationPlatforms) = postSolution
		{1E28BEE5-650B-46CD-A729-EC14EF712AFE}.Debug|Any CPU.ActiveCfg = Debug|Any CPU
		{1E28BEE5-650B-46CD-A729-EC14EF712AFE}.Debug|Any CPU.Build.0 = Debug|Any CPU
		{1E28BEE5-650B-46CD-A729-EC14EF712AFE}.Release|Any CPU.ActiveCfg = Release|Any CPU
		{1E28BEE5-650B-46CD-A729-EC14EF712AFE}.Release|Any CPU.Build.0 = Release|Any CPU
		{C336DE37-3650-4756-98D0-64D893327C1C}.Debug|Any CPU.ActiveCfg = Debug|Any CPU
		{C336DE37-3650-4756-98D0-64D893327C1C}.Debug|Any CPU.Build.0 = Debug|Any CPU
		{C336DE37-3650-4756-98D0-64D893327C1C}.Release|Any CPU.ActiveCfg = Release|Any CPU
		{C336DE37-3650-4756-98D0-64D893327C1C}.Release|Any CPU.Build.0 = Release|Any CPU
	EndGlobalSection
	GlobalSection(SolutionProperties) = preSolution
		HideSolutionNode = FALSE
	EndGlobalSection
	GlobalSection(NestedProjects) = preSolution
		{C336DE37-3650-4756-98D0-64D893327C1C} = {8DF2A968-64F5-4802-A9D3-E8512B584BDA}
	EndGlobalSection
EndGlobal
